{
  "originHash" : "c35e61a988e64bb4c87aeaa1636eab4692249332a791217342bff96e0166475c",
  "pins" : [
    {
      "identity" : "hotkey",
      "kind" : "remoteSourceControl",
      "location" : "https://github.com/soffes/HotKey",
      "state" : {
        "branch" : "main",
        "revision" : "a3cf605d7a96f6ff50e04fcb6dea6e2613cfcbe4"
      }
    }
  ],
  "version" : 3
}
